
Microsoft Visual Studio Solution File, Format Version 12.00
# Visual Studio Version 16
VisualStudioVersion = 16.0.30330.147
MinimumVisualStudioVersion = 10.0.40219.1
Project("{FAE04EC0-301F-11D3-BF4B-00C04F79EFBC}") = "PracticeProblem1", "PracticeProblem1\PracticeProblem1.csproj", "{EFFA984B-9227-46EF-8C18-2BBE8DF6F808}"
EndProject
Global
	GlobalSection(SolutionConfigurationPlatforms) = preSolution
		Debug|Any CPU = Debug|Any CPU
		Release|Any CPU = Release|Any CPU
	EndGlobalSection
	GlobalSection(ProjectConfigurationPlatforms) = postSolution
		{EFFA984B-9227-46EF-8C18-2BBE8DF6F808}.Debug|Any CPU.ActiveCfg = Debug|Any CPU
		{EFFA984B-9227-46EF-8C18-2BBE8DF6F808}.Debug|Any CPU.Build.0 = Debug|Any CPU
		{EFFA984B-9227-46EF-8C18-2BBE8DF6F808}.Release|Any CPU.ActiveCfg = Release|Any CPU
		{EFFA984B-9227-46EF-8C18-2BBE8DF6F808}.Release|Any CPU.Build.0 = Release|Any CPU
	EndGlobalSection
	GlobalSection(SolutionProperties) = preSolution
		HideSolutionNode = FALSE
	EndGlobalSection
	GlobalSection(ExtensibilityGlobals) = postSolution
		SolutionGuid = {1111C709-D05B-40BD-B123-FC27FAEC9EB7}
	EndGlobalSection
EndGlobal
